<?xml version="1.0" encoding="utf-8"?>
<Project ToolsVersion="4.0" xmlns="http://schemas.microsoft.com/developer/msbuild/2003">
  <ItemGroup>
    <Filter Include="Source Files">
      <UniqueIdentifier>{4FC737F1-C7A5-4376-A066-2A32D752A2FF}</UniqueIdentifier>
      <Extensions>cpp;c;cc;cxx;c++;cppm;ixx;def;odl;idl;hpj;bat;asm;asmx</Extensions>
    </Filter>
    <Filter Include="Header Files">
      <UniqueIdentifier>{93995380-89BD-4b04-88EB-625FBE52EBFB}</UniqueIdentifier>
      <Extensions>h;hh;hpp;hxx;h++;hm;inl;inc;ipp;xsd</Extensions>
    </Filter>
    <Filter Include="ParseNodes">
      <UniqueIdentifier>{8789f45f-115a-446c-9ecd-bc93e556c0e3}</UniqueIdentifier>
    </Filter>
    <Filter Include="ScriptNodes">
      <UniqueIdentifier>{1b0e0cd7-3a17-4214-9caf-bf4d65ba5fd7}</UniqueIdentifier>
    </Filter>
    <Filter Include="Context">
      <UniqueIdentifier>{2c5d0e94-f616-40de-bf91-99dcdde43c29}</UniqueIdentifier>
    </Filter>
    <Filter Include="ScriptNodes\Resource Files">
      <UniqueIdentifier>{67DA6AB6-F800-4c08-8B7A-83BB121AAD01}</UniqueIdentifier>
      <Extensions>rc;ico;cur;bmp;dlg;rc2;rct;bin;rgs;gif;jpg;jpeg;jpe;resx;tiff;tif;png;wav;mfcribbon-ms</Extensions>
    </Filter>
  </ItemGroup>
  <ItemGroup>
    <ClInclude Include="framework.h">
      <Filter>Header Files</Filter>
    </ClInclude>
    <ClInclude Include="pch.h">
      <Filter>Header Files</Filter>
    </ClInclude>
    <ClInclude Include="ZSource.h">
      <Filter>Header Files</Filter>
    </ClInclude>
    <ClInclude Include="ZTokenizer.h">
      <Filter>Header Files</Filter>
    </ClInclude>
    <ClInclude Include="ZTokenStream.h">
      <Filter>Header Files</Filter>
    </ClInclude>
    <ClInclude Include="ZParser.h">
      <Filter>Header Files</Filter>
    </ClInclude>
    <ClInclude Include="ZParseNode.h">
      <Filter>Header Files</Filter>
    </ClInclude>
    <ClInclude Include="ZParseScript.h">
      <Filter>ParseNodes</Filter>
    </ClInclude>
    <ClInclude Include="ZProgramNode.h">
      <Filter>ScriptNodes</Filter>
    </ClInclude>
    <ClInclude Include="ZParseClass.h">
      <Filter>ParseNodes</Filter>
    </ClInclude>
    <ClInclude Include="ZClassNode.h">
      <Filter>ScriptNodes</Filter>
    </ClInclude>
    <ClInclude Include="ZParseMethod.h">
      <Filter>ParseNodes</Filter>
    </ClInclude>
    <ClInclude Include="ZMethodNode.h">
      <Filter>ScriptNodes</Filter>
    </ClInclude>
    <ClInclude Include="ZParseSignature.h">
      <Filter>ParseNodes</Filter>
    </ClInclude>
    <ClInclude Include="ZParseValue.h">
      <Filter>ParseNodes</Filter>
    </ClInclude>
    <ClInclude Include="ZParseSigParam.h">
      <Filter>ParseNodes</Filter>
    </ClInclude>
    <ClInclude Include="ZSignatureNode.h">
      <Filter>ScriptNodes</Filter>
    </ClInclude>
    <ClInclude Include="VarTypes.h">
      <Filter>Header Files</Filter>
    </ClInclude>
    <ClInclude Include="ZSigParamNode.h">
      <Filter>ScriptNodes</Filter>
    </ClInclude>
    <ClInclude Include="ZParseCodeBody.h">
      <Filter>ParseNodes</Filter>
    </ClInclude>
    <ClInclude Include="ZCodeBodyNode.h">
      <Filter>ScriptNodes</Filter>
    </ClInclude>
    <ClInclude Include="ZParseStatement.h">
      <Filter>ParseNodes</Filter>
    </ClInclude>
    <ClInclude Include="ZStatementNode.h">
      <Filter>ScriptNodes</Filter>
    </ClInclude>
    <ClInclude Include="ZParseParameters.h">
      <Filter>ParseNodes</Filter>
    </ClInclude>
    <ClInclude Include="ZParametersNode.h">
      <Filter>ScriptNodes</Filter>
    </ClInclude>
    <ClInclude Include="ZParseExpression.h">
      <Filter>ParseNodes</Filter>
    </ClInclude>
    <ClInclude Include="ZExpressionNode.h">
      <Filter>ScriptNodes</Filter>
    </ClInclude>
    <ClInclude Include="ZScriptContext.h">
      <Filter>Context</Filter>
    </ClInclude>
    <ClInclude Include="ZContextScope.h">
      <Filter>Context</Filter>
    </ClInclude>
    <ClInclude Include="ZParseVars.h">
      <Filter>ParseNodes</Filter>
    </ClInclude>
    <ClInclude Include="ZScriptNode.h">
      <Filter>ScriptNodes</Filter>
    </ClInclude>
    <ClInclude Include="ZVarsNode.h">
      <Filter>ScriptNodes</Filter>
    </ClInclude>
    <ClInclude Include="ZContextVar.h">
      <Filter>Context</Filter>
    </ClInclude>
    <ClInclude Include="ZSystemFunctions.h">
      <Filter>Context</Filter>
    </ClInclude>
    <ClInclude Include="ZSystemFunction.h">
      <Filter>Context</Filter>
    </ClInclude>
    <ClInclude Include="ZParseNew.h">
      <Filter>ParseNodes</Filter>
    </ClInclude>
    <ClInclude Include="ZNewNode.h">
      <Filter>ScriptNodes</Filter>
    </ClInclude>
    <ClInclude Include="ZParseClassStatement.h">
      <Filter>ParseNodes</Filter>
    </ClInclude>
    <ClInclude Include="ZClassStatementNode.h">
      <Filter>ScriptNodes</Filter>
    </ClInclude>
    <ClInclude Include="ZParseAssign.h">
      <Filter>ParseNodes</Filter>
    </ClInclude>
    <ClInclude Include="ZAssignNode.h">
      <Filter>ScriptNodes</Filter>
    </ClInclude>
    <ClInclude Include="ZParseIf.h">
      <Filter>ParseNodes</Filter>
    </ClInclude>
    <ClInclude Include="ZIfnode.h">
      <Filter>ScriptNodes</Filter>
    </ClInclude>
    <ClInclude Include="DirCollection.h">
      <Filter>Header Files</Filter>
    </ClInclude>
    <ClInclude Include="tinydir.h">
      <Filter>Header Files</Filter>
    </ClInclude>
    <ClInclude Include="ZParseFor.h">
      <Filter>ParseNodes</Filter>
    </ClInclude>
    <ClInclude Include="ZForNode.h">
      <Filter>ScriptNodes</Filter>
    </ClInclude>
    <ClInclude Include="ZParseReturn.h">
      <Filter>ParseNodes</Filter>
    </ClInclude>
    <ClInclude Include="ZReturnNode.h">
      <Filter>ScriptNodes</Filter>
    </ClInclude>
    <ClInclude Include="ZParseWhile.h">
      <Filter>ParseNodes</Filter>
    </ClInclude>
    <ClInclude Include="ZWhileNode.h">
      <Filter>ScriptNodes</Filter>
    </ClInclude>
    <ClInclude Include="ZIncNode.h">
      <Filter>ScriptNodes</Filter>
    </ClInclude>
  </ItemGroup>
  <ItemGroup>
    <ClCompile Include="ZenScript.cpp">
      <Filter>Source Files</Filter>
    </ClCompile>
    <ClCompile Include="pch.cpp">
      <Filter>Source Files</Filter>
    </ClCompile>
    <ClCompile Include="ZSource.cpp">
      <Filter>Source Files</Filter>
    </ClCompile>
    <ClCompile Include="ZTokenizer.cpp">
      <Filter>Source Files</Filter>
    </ClCompile>
    <ClCompile Include="ZTokenStream.cpp">
      <Filter>Source Files</Filter>
    </ClCompile>
    <ClCompile Include="ZParser.cpp">
      <Filter>Source Files</Filter>
    </ClCompile>
    <ClCompile Include="ZParseScript.cpp">
      <Filter>ParseNodes</Filter>
    </ClCompile>
    <ClCompile Include="ZProgramNode.cpp">
      <Filter>ScriptNodes</Filter>
    </ClCompile>
    <ClCompile Include="ZParseClass.cpp">
      <Filter>ParseNodes</Filter>
    </ClCompile>
    <ClCompile Include="ZClassNode.cpp">
      <Filter>ScriptNodes</Filter>
    </ClCompile>
    <ClCompile Include="ZParseMethod.cpp">
      <Filter>ParseNodes</Filter>
    </ClCompile>
    <ClCompile Include="ZMethodNode.cpp">
      <Filter>ScriptNodes</Filter>
    </ClCompile>
    <ClCompile Include="ZParseSignature.cpp">
      <Filter>ParseNodes</Filter>
    </ClCompile>
    <ClCompile Include="ZParseValue.cpp">
      <Filter>ParseNodes</Filter>
    </ClCompile>
    <ClCompile Include="ZParseSigParam.cpp">
      <Filter>ParseNodes</Filter>
    </ClCompile>
    <ClCompile Include="ZSignatureNode.cpp">
      <Filter>ScriptNodes</Filter>
    </ClCompile>
    <ClCompile Include="ZSigParamNode.cpp">
      <Filter>ScriptNodes</Filter>
    </ClCompile>
    <ClCompile Include="ZParseCodeBody.cpp">
      <Filter>ParseNodes</Filter>
    </ClCompile>
    <ClCompile Include="ZCodeBodyNode.cpp">
      <Filter>ScriptNodes</Filter>
    </ClCompile>
    <ClCompile Include="ZParseStatement.cpp">
      <Filter>ParseNodes</Filter>
    </ClCompile>
    <ClCompile Include="ZStatementNode.cpp">
      <Filter>ScriptNodes</Filter>
    </ClCompile>
    <ClCompile Include="ZParseParameters.cpp">
      <Filter>ParseNodes</Filter>
    </ClCompile>
    <ClCompile Include="ZParametersNode.cpp">
      <Filter>ScriptNodes</Filter>
    </ClCompile>
    <ClCompile Include="ZParseExpression.cpp">
      <Filter>ParseNodes</Filter>
    </ClCompile>
    <ClCompile Include="ZExpressionNode.cpp">
      <Filter>ScriptNodes</Filter>
    </ClCompile>
    <ClCompile Include="ZScriptContext.cpp">
      <Filter>Context</Filter>
    </ClCompile>
    <ClCompile Include="ZContextVar.cpp">
      <Filter>Context</Filter>
    </ClCompile>
    <ClCompile Include="ZContextScope.cpp">
      <Filter>Context</Filter>
    </ClCompile>
    <ClCompile Include="ZParseVars.cpp">
      <Filter>ParseNodes</Filter>
    </ClCompile>
    <ClCompile Include="ZVarsNode.cpp">
      <Filter>ScriptNodes</Filter>
    </ClCompile>
    <ClCompile Include="ZScriptNode.cpp">
      <Filter>ScriptNodes</Filter>
    </ClCompile>
    <ClCompile Include="ZSystemFunctions.cpp">
      <Filter>Context</Filter>
    </ClCompile>
    <ClCompile Include="ZSystemFunction.cpp">
      <Filter>Context</Filter>
    </ClCompile>
    <ClCompile Include="ZParseNew.cpp">
      <Filter>ParseNodes</Filter>
    </ClCompile>
    <ClCompile Include="ZNewNode.cpp">
      <Filter>ScriptNodes</Filter>
    </ClCompile>
    <ClCompile Include="ZParseClassStatement.cpp">
      <Filter>ParseNodes</Filter>
    </ClCompile>
    <ClCompile Include="ZClassStatementNode.cpp">
      <Filter>ScriptNodes</Filter>
    </ClCompile>
    <ClCompile Include="ZParseAssign.cpp">
      <Filter>ParseNodes</Filter>
    </ClCompile>
    <ClCompile Include="ZAssignNode.cpp">
      <Filter>ScriptNodes</Filter>
    </ClCompile>
    <ClCompile Include="ZParseIf.cpp">
      <Filter>ParseNodes</Filter>
    </ClCompile>
    <ClCompile Include="ZIfnode.cpp">
      <Filter>ScriptNodes</Filter>
    </ClCompile>
    <ClCompile Include="DirCollection.cpp">
      <Filter>Source Files</Filter>
    </ClCompile>
    <ClCompile Include="ZParseFor.cpp">
      <Filter>ParseNodes</Filter>
    </ClCompile>
    <ClCompile Include="ZForNode.cpp">
      <Filter>ScriptNodes</Filter>
    </ClCompile>
    <ClCompile Include="ZParseNode.cpp">
      <Filter>ParseNodes</Filter>
    </ClCompile>
    <ClCompile Include="ZParseReturn.cpp">
      <Filter>ParseNodes</Filter>
    </ClCompile>
    <ClCompile Include="ZReturnNode.cpp">
      <Filter>ScriptNodes</Filter>
    </ClCompile>
    <ClCompile Include="ZParseWhile.cpp">
      <Filter>ParseNodes</Filter>
    </ClCompile>
    <ClCompile Include="ZWhileNode.cpp">
      <Filter>ScriptNodes</Filter>
    </ClCompile>
    <ClCompile Include="ZIncNode.cpp">
      <Filter>ScriptNodes</Filter>
    </ClCompile>
  </ItemGroup>
</Project>