<?xml version="1.0" encoding="utf-8"?>
<Project ToolsVersion="4.0" xmlns="http://schemas.microsoft.com/developer/msbuild/2003">
  <ItemGroup>
    <Filter Include="Source Files">
      <UniqueIdentifier>{4FC737F1-C7A5-4376-A066-2A32D752A2FF}</UniqueIdentifier>
      <Extensions>cpp;c;cc;cxx;c++;cppm;ixx;def;odl;idl;hpj;bat;asm;asmx</Extensions>
    </Filter>
    <Filter Include="Header Files">
      <UniqueIdentifier>{93995380-89BD-4b04-88EB-625FBE52EBFB}</UniqueIdentifier>
      <Extensions>h;hh;hpp;hxx;h++;hm;inl;inc;ipp;xsd</Extensions>
    </Filter>
    <Filter Include="Resource Files">
      <UniqueIdentifier>{67DA6AB6-F800-4c08-8B7A-83BB121AAD01}</UniqueIdentifier>
      <Extensions>rc;ico;cur;bmp;dlg;rc2;rct;bin;rgs;gif;jpg;jpeg;jpe;resx;tiff;tif;png;wav;mfcribbon-ms</Extensions>
    </Filter>
    <Filter Include="NewFilter1">
      <UniqueIdentifier>{016e5142-55c8-472d-aeca-48a5c935b48a}</UniqueIdentifier>
    </Filter>
    <Filter Include="PP">
      <UniqueIdentifier>{17195dcf-ab67-412e-8778-b467c62e93a5}</UniqueIdentifier>
    </Filter>
    <Filter Include="PP\PostProcesses">
      <UniqueIdentifier>{88a326b6-c2c6-4dff-bdb9-283ef092fbba}</UniqueIdentifier>
    </Filter>
    <Filter Include="PP\FrameTypes">
      <UniqueIdentifier>{662b5df4-b6e1-4edf-91a8-8bc5b4a6ac04}</UniqueIdentifier>
    </Filter>
    <Filter Include="UI">
      <UniqueIdentifier>{b0be4d22-e3c0-4c53-909b-985e49224ee6}</UniqueIdentifier>
    </Filter>
    <Filter Include="UI\Controls">
      <UniqueIdentifier>{3d91c323-b93f-4773-a6b0-c94b5f78a064}</UniqueIdentifier>
    </Filter>
  </ItemGroup>
  <ItemGroup>
    <ClInclude Include="framework.h">
      <Filter>Header Files</Filter>
    </ClInclude>
    <ClInclude Include="pch.h">
      <Filter>Header Files</Filter>
    </ClInclude>
    <ClInclude Include="Application.h">
      <Filter>Header Files</Filter>
    </ClInclude>
    <ClInclude Include="SmartDraw.h">
      <Filter>Header Files</Filter>
    </ClInclude>
    <ClInclude Include="Texture2D.h">
      <Filter>Header Files</Filter>
    </ClInclude>
    <ClInclude Include="UserInput.h">
      <Filter>Header Files</Filter>
    </ClInclude>
    <ClInclude Include="stb_truetype.h">
      <Filter>Header Files</Filter>
    </ClInclude>
    <ClInclude Include="kFont.h">
      <Filter>Header Files</Filter>
    </ClInclude>
    <ClInclude Include="Helper.h">
      <Filter>Header Files</Filter>
    </ClInclude>
    <ClInclude Include="SceneGraph.h">
      <Filter>Header Files</Filter>
    </ClInclude>
    <ClInclude Include="Node3D.h">
      <Filter>Header Files</Filter>
    </ClInclude>
    <ClInclude Include="NodeActor.h">
      <Filter>Header Files</Filter>
    </ClInclude>
    <ClInclude Include="NodeAnimator.h">
      <Filter>Header Files</Filter>
    </ClInclude>
    <ClInclude Include="NodeBillboard.h">
      <Filter>Header Files</Filter>
    </ClInclude>
    <ClInclude Include="NodeCamera.h">
      <Filter>Header Files</Filter>
    </ClInclude>
    <ClInclude Include="NodeComponent.h">
      <Filter>Header Files</Filter>
    </ClInclude>
    <ClInclude Include="NodeEntity.h">
      <Filter>Header Files</Filter>
    </ClInclude>
    <ClInclude Include="NodeLight.h">
      <Filter>Header Files</Filter>
    </ClInclude>
    <ClInclude Include="NodeParticleBillboard.h">
      <Filter>Header Files</Filter>
    </ClInclude>
    <ClInclude Include="NodeProperty.h">
      <Filter>Header Files</Filter>
    </ClInclude>
    <ClInclude Include="NodeTerrain.h">
      <Filter>Header Files</Filter>
    </ClInclude>
    <ClInclude Include="NoRenderList.h">
      <Filter>Header Files</Filter>
    </ClInclude>
    <ClInclude Include="Mesh3D.h">
      <Filter>Header Files</Filter>
    </ClInclude>
    <ClInclude Include="Material.h">
      <Filter>Header Files</Filter>
    </ClInclude>
    <ClInclude Include="DataTypes.h">
      <Filter>Header Files</Filter>
    </ClInclude>
    <ClInclude Include="ActorAnim.h">
      <Filter>Header Files</Filter>
    </ClInclude>
    <ClInclude Include="Animation.h">
      <Filter>Header Files</Filter>
    </ClInclude>
    <ClInclude Include="Animator.h">
      <Filter>Header Files</Filter>
    </ClInclude>
    <ClInclude Include="Bone.h">
      <Filter>Header Files</Filter>
    </ClInclude>
    <ClInclude Include="BoneInfo.h">
      <Filter>Header Files</Filter>
    </ClInclude>
    <ClInclude Include="Importer.h">
      <Filter>Header Files</Filter>
    </ClInclude>
    <ClInclude Include="VString.h">
      <Filter>Header Files</Filter>
    </ClInclude>
    <ClInclude Include="VFile.h">
      <Filter>Header Files</Filter>
    </ClInclude>
    <ClInclude Include="MeshRenderer.h">
      <Filter>Header Files</Filter>
    </ClInclude>
    <ClInclude Include="Maths.h">
      <Filter>Header Files</Filter>
    </ClInclude>
    <ClInclude Include="RenderTarget2D.h">
      <Filter>Header Files</Filter>
    </ClInclude>
    <ClInclude Include="RenderTargetCube.h">
      <Filter>Header Files</Filter>
    </ClInclude>
    <ClInclude Include="CubeRenderer.h">
      <Filter>Header Files</Filter>
    </ClInclude>
    <ClInclude Include="TextureCube.h">
      <Filter>Header Files</Filter>
    </ClInclude>
    <ClInclude Include="GBuffer.h">
      <Filter>Header Files</Filter>
    </ClInclude>
    <ClInclude Include="SceneRenderer.h">
      <Filter>Header Files</Filter>
    </ClInclude>
    <ClInclude Include="PBBox.h">
      <Filter>Header Files</Filter>
    </ClInclude>
    <ClInclude Include="PBCapsule.h">
      <Filter>Header Files</Filter>
    </ClInclude>
    <ClInclude Include="PBConvex.h">
      <Filter>Header Files</Filter>
    </ClInclude>
    <ClInclude Include="PBSphere.h">
      <Filter>Header Files</Filter>
    </ClInclude>
    <ClInclude Include="PBTerrain.h">
      <Filter>Header Files</Filter>
    </ClInclude>
    <ClInclude Include="PBTriangles.h">
      <Filter>Header Files</Filter>
    </ClInclude>
    <ClInclude Include="Physics.h">
      <Filter>Header Files</Filter>
    </ClInclude>
    <ClInclude Include="PhysicsBody.h">
      <Filter>Header Files</Filter>
    </ClInclude>
    <ClInclude Include="SceneRayTracer.h">
      <Filter>Header Files</Filter>
    </ClInclude>
    <ClInclude Include="BigBuffer.h">
      <Filter>Header Files</Filter>
    </ClInclude>
    <ClInclude Include="PostProcessing.h">
      <Filter>PP</Filter>
    </ClInclude>
    <ClInclude Include="PPFrameType.h">
      <Filter>PP</Filter>
    </ClInclude>
    <ClInclude Include="PostProcess.h">
      <Filter>PP</Filter>
    </ClInclude>
    <ClInclude Include="PPBloom.h">
      <Filter>PP\PostProcesses</Filter>
    </ClInclude>
    <ClInclude Include="FrameTypeColor.h">
      <Filter>PP\FrameTypes</Filter>
    </ClInclude>
    <ClInclude Include="PPRenderer.h">
      <Filter>PP</Filter>
    </ClInclude>
    <ClInclude Include="DockUsage.h">
      <Filter>Header Files</Filter>
    </ClInclude>
    <ClInclude Include="UITheme_Neon.h">
      <Filter>UI</Filter>
    </ClInclude>
    <ClInclude Include="UITheme.h">
      <Filter>UI</Filter>
    </ClInclude>
    <ClInclude Include="UIControl.h">
      <Filter>UI</Filter>
    </ClInclude>
    <ClInclude Include="UI.h">
      <Filter>UI</Filter>
    </ClInclude>
    <ClInclude Include="ButtonControl.h">
      <Filter>UI\Controls</Filter>
    </ClInclude>
    <ClInclude Include="WindowControl.h">
      <Filter>UI\Controls</Filter>
    </ClInclude>
    <ClInclude Include="WindowContent.h">
      <Filter>UI\Controls</Filter>
    </ClInclude>
    <ClInclude Include="RayPicker.h">
      <Filter>Header Files</Filter>
    </ClInclude>
  </ItemGroup>
  <ItemGroup>
    <ClCompile Include="StarlightEngine.cpp">
      <Filter>Source Files</Filter>
    </ClCompile>
    <ClCompile Include="pch.cpp">
      <Filter>Source Files</Filter>
    </ClCompile>
    <ClCompile Include="Application.cpp">
      <Filter>Source Files</Filter>
    </ClCompile>
    <ClCompile Include="SmartDraw.cpp">
      <Filter>Source Files</Filter>
    </ClCompile>
    <ClCompile Include="Texture2D.cpp">
      <Filter>Source Files</Filter>
    </ClCompile>
    <ClCompile Include="UserInput.cpp">
      <Filter>Source Files</Filter>
    </ClCompile>
    <ClCompile Include="kFont.cpp">
      <Filter>Source Files</Filter>
    </ClCompile>
    <ClCompile Include="Helper.cpp">
      <Filter>Source Files</Filter>
    </ClCompile>
    <ClCompile Include="SceneGraph.cpp">
      <Filter>Source Files</Filter>
    </ClCompile>
    <ClCompile Include="Node3D.cpp">
      <Filter>Source Files</Filter>
    </ClCompile>
    <ClCompile Include="NodeActor.cpp">
      <Filter>Source Files</Filter>
    </ClCompile>
    <ClCompile Include="NodeAnimator.cpp">
      <Filter>Source Files</Filter>
    </ClCompile>
    <ClCompile Include="NodeBillboard.cpp">
      <Filter>Source Files</Filter>
    </ClCompile>
    <ClCompile Include="NodeCamera.cpp">
      <Filter>Source Files</Filter>
    </ClCompile>
    <ClCompile Include="NodeComponent.cpp">
      <Filter>Source Files</Filter>
    </ClCompile>
    <ClCompile Include="NodeEntity.cpp">
      <Filter>Source Files</Filter>
    </ClCompile>
    <ClCompile Include="NodeLight.cpp">
      <Filter>Source Files</Filter>
    </ClCompile>
    <ClCompile Include="NodeParticleBillboard.cpp">
      <Filter>Source Files</Filter>
    </ClCompile>
    <ClCompile Include="NodeProperty.cpp">
      <Filter>Source Files</Filter>
    </ClCompile>
    <ClCompile Include="NodeTerrain.cpp">
      <Filter>Source Files</Filter>
    </ClCompile>
    <ClCompile Include="NoRenderList.cpp">
      <Filter>Source Files</Filter>
    </ClCompile>
    <ClCompile Include="Mesh3D.cpp">
      <Filter>Source Files</Filter>
    </ClCompile>
    <ClCompile Include="Material.cpp">
      <Filter>Source Files</Filter>
    </ClCompile>
    <ClCompile Include="ActorAnim.cpp">
      <Filter>Source Files</Filter>
    </ClCompile>
    <ClCompile Include="Animation.cpp">
      <Filter>Source Files</Filter>
    </ClCompile>
    <ClCompile Include="Animator.cpp">
      <Filter>Source Files</Filter>
    </ClCompile>
    <ClCompile Include="Bone.cpp">
      <Filter>Source Files</Filter>
    </ClCompile>
    <ClCompile Include="BoneInfo.cpp">
      <Filter>Source Files</Filter>
    </ClCompile>
    <ClCompile Include="Importer.cpp">
      <Filter>Source Files</Filter>
    </ClCompile>
    <ClCompile Include="VString.cpp">
      <Filter>Source Files</Filter>
    </ClCompile>
    <ClCompile Include="VFile.cpp">
      <Filter>Source Files</Filter>
    </ClCompile>
    <ClCompile Include="MeshRenderer.cpp">
      <Filter>Source Files</Filter>
    </ClCompile>
    <ClCompile Include="RenderTarget2D.cpp">
      <Filter>Source Files</Filter>
    </ClCompile>
    <ClCompile Include="RenderTargetCube.cpp">
      <Filter>Source Files</Filter>
    </ClCompile>
    <ClCompile Include="CubeRenderer.cpp">
      <Filter>Source Files</Filter>
    </ClCompile>
    <ClCompile Include="TextureCube.cpp">
      <Filter>Source Files</Filter>
    </ClCompile>
    <ClCompile Include="GBuffer.cpp">
      <Filter>Source Files</Filter>
    </ClCompile>
    <ClCompile Include="SceneRenderer.cpp">
      <Filter>Source Files</Filter>
    </ClCompile>
    <ClCompile Include="PBBox.cpp">
      <Filter>Source Files</Filter>
    </ClCompile>
    <ClCompile Include="PBCapsule.cpp">
      <Filter>Source Files</Filter>
    </ClCompile>
    <ClCompile Include="PBConvex.cpp">
      <Filter>Source Files</Filter>
    </ClCompile>
    <ClCompile Include="PBSphere.cpp">
      <Filter>Source Files</Filter>
    </ClCompile>
    <ClCompile Include="PBTerrain.cpp">
      <Filter>Source Files</Filter>
    </ClCompile>
    <ClCompile Include="PBTriangles.cpp">
      <Filter>Source Files</Filter>
    </ClCompile>
    <ClCompile Include="Physics.cpp">
      <Filter>Source Files</Filter>
    </ClCompile>
    <ClCompile Include="PhysicsBody.cpp">
      <Filter>Source Files</Filter>
    </ClCompile>
    <ClCompile Include="SceneRayTracer.cpp">
      <Filter>Source Files</Filter>
    </ClCompile>
    <ClCompile Include="BigBuffer.cpp">
      <Filter>Source Files</Filter>
    </ClCompile>
    <ClCompile Include="PostProcessing.cpp">
      <Filter>PP</Filter>
    </ClCompile>
    <ClCompile Include="PPFrameType.cpp">
      <Filter>PP</Filter>
    </ClCompile>
    <ClCompile Include="PostProcess.cpp">
      <Filter>PP</Filter>
    </ClCompile>
    <ClCompile Include="PPBloom.cpp">
      <Filter>PP\PostProcesses</Filter>
    </ClCompile>
    <ClCompile Include="FrameTypeColor.cpp">
      <Filter>PP\FrameTypes</Filter>
    </ClCompile>
    <ClCompile Include="PPRenderer.cpp">
      <Filter>PP</Filter>
    </ClCompile>
    <ClCompile Include="DockUsage.cpp">
      <Filter>Source Files</Filter>
    </ClCompile>
    <ClCompile Include="UIControl.cpp">
      <Filter>UI</Filter>
    </ClCompile>
    <ClCompile Include="UITheme.cpp">
      <Filter>UI</Filter>
    </ClCompile>
    <ClCompile Include="UITheme_Neon.cpp">
      <Filter>UI</Filter>
    </ClCompile>
    <ClCompile Include="UI.cpp">
      <Filter>UI</Filter>
    </ClCompile>
    <ClCompile Include="ButtonControl.cpp">
      <Filter>UI\Controls</Filter>
    </ClCompile>
    <ClCompile Include="WindowControl.cpp">
      <Filter>UI\Controls</Filter>
    </ClCompile>
    <ClCompile Include="WindowContent.cpp">
      <Filter>UI\Controls</Filter>
    </ClCompile>
    <ClCompile Include="RayPicker.cpp">
      <Filter>Source Files</Filter>
    </ClCompile>
  </ItemGroup>
  <ItemGroup>
    <None Include="packages.config" />
    <None Include="..\..\StarLightEditor\StarLightEditor\structures.fxh" />
  </ItemGroup>
</Project>