<?xml version="1.0" encoding="utf-8"?>
<Project ToolsVersion="4.0" xmlns="http://schemas.microsoft.com/developer/msbuild/2003">
  <ItemGroup>
    <Filter Include="Source Files">
      <UniqueIdentifier>{4FC737F1-C7A5-4376-A066-2A32D752A2FF}</UniqueIdentifier>
      <Extensions>cpp;c;cc;cxx;c++;cppm;ixx;def;odl;idl;hpj;bat;asm;asmx</Extensions>
    </Filter>
    <Filter Include="Header Files">
      <UniqueIdentifier>{93995380-89BD-4b04-88EB-625FBE52EBFB}</UniqueIdentifier>
      <Extensions>h;hh;hpp;hxx;h++;hm;inl;inc;ipp;xsd</Extensions>
    </Filter>
    <Filter Include="Resource Files">
      <UniqueIdentifier>{67DA6AB6-F800-4c08-8B7A-83BB121AAD01}</UniqueIdentifier>
      <Extensions>rc;ico;cur;bmp;dlg;rc2;rct;bin;rgs;gif;jpg;jpeg;jpe;resx;tiff;tif;png;wav;mfcribbon-ms</Extensions>
    </Filter>
    <Filter Include="UI">
      <UniqueIdentifier>{6fe066c6-bb05-42ac-bf5d-d3de2ce1dcf0}</UniqueIdentifier>
    </Filter>
    <Filter Include="UI\Controls">
      <UniqueIdentifier>{fdbd22c7-411b-43ce-8d3c-00d01b3bb8f7}</UniqueIdentifier>
    </Filter>
    <Filter Include="UI\Controls\Window">
      <UniqueIdentifier>{84f2cece-6d31-4be1-8f9b-4fd084d4e7c7}</UniqueIdentifier>
    </Filter>
  </ItemGroup>
  <ItemGroup>
    <ClInclude Include="framework.h">
      <Filter>Header Files</Filter>
    </ClInclude>
    <ClInclude Include="pch.h">
      <Filter>Header Files</Filter>
    </ClInclude>
    <ClInclude Include="UIBase.h">
      <Filter>UI</Filter>
    </ClInclude>
    <ClInclude Include="UI.h">
      <Filter>UI</Filter>
    </ClInclude>
    <ClInclude Include="UIRect.h">
      <Filter>UI</Filter>
    </ClInclude>
    <ClInclude Include="UIRenderer.h">
      <Filter>UI</Filter>
    </ClInclude>
    <ClInclude Include="UIColor.h">
      <Filter>UI</Filter>
    </ClInclude>
    <ClInclude Include="UIButton.h">
      <Filter>UI\Controls</Filter>
    </ClInclude>
    <ClInclude Include="UIImage.h">
      <Filter>UI\Controls</Filter>
    </ClInclude>
    <ClInclude Include="UITheme.h">
      <Filter>UI</Filter>
    </ClInclude>
    <ClInclude Include="UIWindow.h">
      <Filter>UI\Controls\Window</Filter>
    </ClInclude>
    <ClInclude Include="UIWindowTitle.h">
      <Filter>UI\Controls\Window</Filter>
    </ClInclude>
    <ClInclude Include="UIWindowContent.h">
      <Filter>UI\Controls\Window</Filter>
    </ClInclude>
    <ClInclude Include="WindowPage.h">
      <Filter>UI\Controls\Window</Filter>
    </ClInclude>
  </ItemGroup>
  <ItemGroup>
    <ClCompile Include="ZenUI.cpp">
      <Filter>Source Files</Filter>
    </ClCompile>
    <ClCompile Include="pch.cpp">
      <Filter>Source Files</Filter>
    </ClCompile>
    <ClCompile Include="UIBase.cpp">
      <Filter>UI</Filter>
    </ClCompile>
    <ClCompile Include="UI.cpp">
      <Filter>UI</Filter>
    </ClCompile>
    <ClCompile Include="UIRect.cpp">
      <Filter>UI</Filter>
    </ClCompile>
    <ClCompile Include="UIRenderer.cpp">
      <Filter>UI</Filter>
    </ClCompile>
    <ClCompile Include="UIColor.cpp">
      <Filter>UI</Filter>
    </ClCompile>
    <ClCompile Include="UIImage.cpp">
      <Filter>UI\Controls</Filter>
    </ClCompile>
    <ClCompile Include="UIButton.cpp">
      <Filter>UI\Controls</Filter>
    </ClCompile>
    <ClCompile Include="UITheme.cpp">
      <Filter>UI</Filter>
    </ClCompile>
    <ClCompile Include="UIWindow.cpp">
      <Filter>UI\Controls\Window</Filter>
    </ClCompile>
    <ClCompile Include="UIWindowTitle.cpp">
      <Filter>UI\Controls\Window</Filter>
    </ClCompile>
    <ClCompile Include="UIWindowContent.cpp">
      <Filter>UI\Controls\Window</Filter>
    </ClCompile>
  </ItemGroup>
  <ItemGroup>
    <None Include="packages.config" />
  </ItemGroup>
</Project>